
Microsoft Visual Studio Solution File, Format Version 12.00
# Visual Studio 2013
VisualStudioVersion = 12.0.31101.0
MinimumVisualStudioVersion = 10.0.40219.1
Project("{FAE04EC0-301F-11D3-BF4B-00C04F79EFBC}") = "facebook-csharp-ads-sdk", "facebook-csharp-ads-sdk\facebook-csharp-ads-sdk.csproj", "{518076B3-07A9-4C0C-8FC2-0E156BCECAB2}"
EndProject
Project("{FAE04EC0-301F-11D3-BF4B-00C04F79EFBC}") = "facebook-csharp-ads-sdk-unit-test", "facebook-csharp-ads-sdk-unit-test\facebook-csharp-ads-sdk-unit-test.csproj", "{28D6879A-8708-4C11-84D6-E7220080DCBE}"
EndProject
Project("{FAE04EC0-301F-11D3-BF4B-00C04F79EFBC}") = "facebook-csharp-ads-sdk-integration-test", "facebook-csharp-ads-sdk-integration-test\facebook-csharp-ads-sdk-integration-test.csproj", "{9D4F4C4E-329D-4318-821C-388E2F73FFDF}"
EndProject
Global
	GlobalSection(SolutionConfigurationPlatforms) = preSolution
		Debug|Any CPU = Debug|Any CPU
		Debug|ARM = Debug|ARM
		Debug|x64 = Debug|x64
		Debug|x86 = Debug|x86
		Release|Any CPU = Release|Any CPU
		Release|ARM = Release|ARM
		Release|x64 = Release|x64
		Release|x86 = Release|x86
	EndGlobalSection
	GlobalSection(ProjectConfigurationPlatforms) = postSolution
		{518076B3-07A9-4C0C-8FC2-0E156BCECAB2}.Debug|Any CPU.ActiveCfg = Debug|Any CPU
		{518076B3-07A9-4C0C-8FC2-0E156BCECAB2}.Debug|Any CPU.Build.0 = Debug|Any CPU
		{518076B3-07A9-4C0C-8FC2-0E156BCECAB2}.Debug|ARM.ActiveCfg = Debug|Any CPU
		{518076B3-07A9-4C0C-8FC2-0E156BCECAB2}.Debug|x64.ActiveCfg = Debug|Any CPU
		{518076B3-07A9-4C0C-8FC2-0E156BCECAB2}.Debug|x86.ActiveCfg = Debug|Any CPU
		{518076B3-07A9-4C0C-8FC2-0E156BCECAB2}.Release|Any CPU.ActiveCfg = Release|Any CPU
		{518076B3-07A9-4C0C-8FC2-0E156BCECAB2}.Release|Any CPU.Build.0 = Release|Any CPU
		{518076B3-07A9-4C0C-8FC2-0E156BCECAB2}.Release|ARM.ActiveCfg = Release|Any CPU
		{518076B3-07A9-4C0C-8FC2-0E156BCECAB2}.Release|x64.ActiveCfg = Release|Any CPU
		{518076B3-07A9-4C0C-8FC2-0E156BCECAB2}.Release|x86.ActiveCfg = Release|Any CPU
		{28D6879A-8708-4C11-84D6-E7220080DCBE}.Debug|Any CPU.ActiveCfg = Debug|Any CPU
		{28D6879A-8708-4C11-84D6-E7220080DCBE}.Debug|Any CPU.Build.0 = Debug|Any CPU
		{28D6879A-8708-4C11-84D6-E7220080DCBE}.Debug|ARM.ActiveCfg = Debug|Any CPU
		{28D6879A-8708-4C11-84D6-E7220080DCBE}.Debug|x64.ActiveCfg = Debug|Any CPU
		{28D6879A-8708-4C11-84D6-E7220080DCBE}.Debug|x86.ActiveCfg = Debug|Any CPU
		{28D6879A-8708-4C11-84D6-E7220080DCBE}.Release|Any CPU.ActiveCfg = Release|Any CPU
		{28D6879A-8708-4C11-84D6-E7220080DCBE}.Release|Any CPU.Build.0 = Release|Any CPU
		{28D6879A-8708-4C11-84D6-E7220080DCBE}.Release|ARM.ActiveCfg = Release|Any CPU
		{28D6879A-8708-4C11-84D6-E7220080DCBE}.Release|x64.ActiveCfg = Release|Any CPU
		{28D6879A-8708-4C11-84D6-E7220080DCBE}.Release|x86.ActiveCfg = Release|Any CPU
		{9D4F4C4E-329D-4318-821C-388E2F73FFDF}.Debug|Any CPU.ActiveCfg = Debug|Any CPU
		{9D4F4C4E-329D-4318-821C-388E2F73FFDF}.Debug|Any CPU.Build.0 = Debug|Any CPU
		{9D4F4C4E-329D-4318-821C-388E2F73FFDF}.Debug|ARM.ActiveCfg = Debug|Any CPU
		{9D4F4C4E-329D-4318-821C-388E2F73FFDF}.Debug|x64.ActiveCfg = Debug|Any CPU
		{9D4F4C4E-329D-4318-821C-388E2F73FFDF}.Debug|x86.ActiveCfg = Debug|Any CPU
		{9D4F4C4E-329D-4318-821C-388E2F73FFDF}.Release|Any CPU.ActiveCfg = Release|Any CPU
		{9D4F4C4E-329D-4318-821C-388E2F73FFDF}.Release|Any CPU.Build.0 = Release|Any CPU
		{9D4F4C4E-329D-4318-821C-388E2F73FFDF}.Release|ARM.ActiveCfg = Release|Any CPU
		{9D4F4C4E-329D-4318-821C-388E2F73FFDF}.Release|x64.ActiveCfg = Release|Any CPU
		{9D4F4C4E-329D-4318-821C-388E2F73FFDF}.Release|x86.ActiveCfg = Release|Any CPU
	EndGlobalSection
	GlobalSection(SolutionProperties) = preSolution
		HideSolutionNode = FALSE
	EndGlobalSection
EndGlobal
